// !$*UTF8*$!
{
	archiveVersion = 1;
	classes = {
	};
	objectVersion = 77;
	objects = {

/* Begin PBXBuildFile section */
		41345B294F6647CCA8AD06F3 /* Sentry in Frameworks */ = {isa = PBXBuildFile; productRef = 37D5328CCC2D491DB7A85755 /* Sentry */; };
		E70B063E2E6604930015B277 /* FirebaseAI in Frameworks */ = {isa = PBXBuildFile; productRef = E70B063D2E6604930015B277 /* FirebaseAI */; };
		E70B06402E6604930015B277 /* FirebaseAnalytics in Frameworks */ = {isa = PBXBuildFile; productRef = E70B063F2E6604930015B277 /* FirebaseAnalytics */; };
		E70B06422E6604930015B277 /* FirebaseAnalyticsCore in Frameworks */ = {isa = PBXBuildFile; productRef = E70B06412E6604930015B277 /* FirebaseAnalyticsCore */; };
		E70B06442E6604930015B277 /* FirebaseAnalyticsIdentitySupport in Frameworks */ = {isa = PBXBuildFile; productRef = E70B06432E6604930015B277 /* FirebaseAnalyticsIdentitySupport */; };
		E70B06462E6604930015B277 /* FirebaseAppCheck in Frameworks */ = {isa = PBXBuildFile; productRef = E70B06452E6604930015B277 /* FirebaseAppCheck */; };
		E70B06482E6604930015B277 /* FirebaseAppDistribution-Beta in Frameworks */ = {isa = PBXBuildFile; productRef = E70B06472E6604930015B277 /* FirebaseAppDistribution-Beta */; };
		E70B064A2E6604930015B277 /* FirebaseAuth in Frameworks */ = {isa = PBXBuildFile; productRef = E70B06492E6604930015B277 /* FirebaseAuth */; };
		E70B064C2E6604930015B277 /* FirebaseAuthCombine-Community in Frameworks */ = {isa = PBXBuildFile; productRef = E70B064B2E6604930015B277 /* FirebaseAuthCombine-Community */; };
		E70B064E2E6604930015B277 /* FirebaseCore in Frameworks */ = {isa = PBXBuildFile; productRef = E70B064D2E6604930015B277 /* FirebaseCore */; };
		E70B06502E6604930015B277 /* FirebaseCrashlytics in Frameworks */ = {isa = PBXBuildFile; productRef = E70B064F2E6604930015B277 /* FirebaseCrashlytics */; };
		E70B06522E6604930015B277 /* FirebaseDatabase in Frameworks */ = {isa = PBXBuildFile; productRef = E70B06512E6604930015B277 /* FirebaseDatabase */; };
		E70B06542E6604930015B277 /* FirebaseFirestore in Frameworks */ = {isa = PBXBuildFile; productRef = E70B06532E6604930015B277 /* FirebaseFirestore */; };
		E70B06562E6604930015B277 /* FirebaseFirestoreCombine-Community in Frameworks */ = {isa = PBXBuildFile; productRef = E70B06552E6604930015B277 /* FirebaseFirestoreCombine-Community */; };
		E70B06582E6604930015B277 /* FirebaseFunctions in Frameworks */ = {isa = PBXBuildFile; productRef = E70B06572E6604930015B277 /* FirebaseFunctions */; };
		E70B065A2E6604930015B277 /* FirebaseFunctionsCombine-Community in Frameworks */ = {isa = PBXBuildFile; productRef = E70B06592E6604930015B277 /* FirebaseFunctionsCombine-Community */; };
		E70B065C2E6604930015B277 /* FirebaseInAppMessaging-Beta in Frameworks */ = {isa = PBXBuildFile; productRef = E70B065B2E6604930015B277 /* FirebaseInAppMessaging-Beta */; };
		E70B065E2E6604930015B277 /* FirebaseInstallations in Frameworks */ = {isa = PBXBuildFile; productRef = E70B065D2E6604930015B277 /* FirebaseInstallations */; };
		E70B06602E6604930015B277 /* FirebaseMLModelDownloader in Frameworks */ = {isa = PBXBuildFile; productRef = E70B065F2E6604930015B277 /* FirebaseMLModelDownloader */; };
		E70B06622E6604930015B277 /* FirebaseMessaging in Frameworks */ = {isa = PBXBuildFile; productRef = E70B06612E6604930015B277 /* FirebaseMessaging */; };
		E70B06642E6604930015B277 /* FirebasePerformance in Frameworks */ = {isa = PBXBuildFile; productRef = E70B06632E6604930015B277 /* FirebasePerformance */; };
		E70B06662E6604930015B277 /* FirebaseRemoteConfig in Frameworks */ = {isa = PBXBuildFile; productRef = E70B06652E6604930015B277 /* FirebaseRemoteConfig */; };
		E70B06682E6604930015B277 /* FirebaseStorage in Frameworks */ = {isa = PBXBuildFile; productRef = E70B06672E6604930015B277 /* FirebaseStorage */; };
		E70B066A2E6604930015B277 /* FirebaseStorageCombine-Community in Frameworks */ = {isa = PBXBuildFile; productRef = E70B06692E6604930015B277 /* FirebaseStorageCombine-Community */; };
		E70B066D2E6604E00015B277 /* GoogleMaps in Frameworks */ = {isa = PBXBuildFile; productRef = E70B066C2E6604E00015B277 /* GoogleMaps */; };
		E70B06702E6604EC0015B277 /* GooglePlaces in Frameworks */ = {isa = PBXBuildFile; productRef = E70B066F2E6604EC0015B277 /* GooglePlaces */; };
		E70B06722E6604EC0015B277 /* GooglePlacesSwift in Frameworks */ = {isa = PBXBuildFile; productRef = E70B06712E6604EC0015B277 /* GooglePlacesSwift */; };
		E70B06752E6604F90015B277 /* GoogleSignIn in Frameworks */ = {isa = PBXBuildFile; productRef = E70B06742E6604F90015B277 /* GoogleSignIn */; };
		E70B06772E6604F90015B277 /* GoogleSignInSwift in Frameworks */ = {isa = PBXBuildFile; productRef = E70B06762E6604F90015B277 /* GoogleSignInSwift */; };
		E710E7D12E6B297A006B635C /* Cloudinary in Frameworks */ = {isa = PBXBuildFile; productRef = E710E7D02E6B297A006B635C /* Cloudinary */; };
/* End PBXBuildFile section */

/* Begin PBXFileReference section */
		E70B05602E65FE4A0015B277 /* EkVastuAppIos.app */ = {isa = PBXFileReference; explicitFileType = wrapper.application; includeInIndex = 0; path = EkVastuAppIos.app; sourceTree = BUILT_PRODUCTS_DIR; };
/* End PBXFileReference section */

/* Begin PBXFileSystemSynchronizedBuildFileExceptionSet section */
		E70B07102E661FCE0015B277 /* Exceptions for "EkVastuAppIos" folder in "EkVastuAppIos" target */ = {
			isa = PBXFileSystemSynchronizedBuildFileExceptionSet;
			membershipExceptions = (
				Info.plist,
			);
			target = E70B055F2E65FE4A0015B277 /* EkVastuAppIos */;
		};
/* End PBXFileSystemSynchronizedBuildFileExceptionSet section */

/* Begin PBXFileSystemSynchronizedRootGroup section */
		E70B05622E65FE4A0015B277 /* EkVastuAppIos */ = {
			isa = PBXFileSystemSynchronizedRootGroup;
			exceptions = (
				E70B07102E661FCE0015B277 /* Exceptions for "EkVastuAppIos" folder in "EkVastuAppIos" target */,
			);
			path = EkVastuAppIos;
			sourceTree = "<group>";
		};
/* End PBXFileSystemSynchronizedRootGroup section */

/* Begin PBXFrameworksBuildPhase section */
		E70B055D2E65FE4A0015B277 /* Frameworks */ = {
			isa = PBXFrameworksBuildPhase;
			buildActionMask = 2147483647;
			files = (
				E70B06562E6604930015B277 /* FirebaseFirestoreCombine-Community in Frameworks */,
				E70B06582E6604930015B277 /* FirebaseFunctions in Frameworks */,
				E70B06642E6604930015B277 /* FirebasePerformance in Frameworks */,
				E70B066A2E6604930015B277 /* FirebaseStorageCombine-Community in Frameworks */,
				E70B06662E6604930015B277 /* FirebaseRemoteConfig in Frameworks */,
				E70B06442E6604930015B277 /* FirebaseAnalyticsIdentitySupport in Frameworks */,
				E70B06402E6604930015B277 /* FirebaseAnalytics in Frameworks */,
				E70B06422E6604930015B277 /* FirebaseAnalyticsCore in Frameworks */,
				E70B066D2E6604E00015B277 /* GoogleMaps in Frameworks */,
				E70B06722E6604EC0015B277 /* GooglePlacesSwift in Frameworks */,
				E70B06462E6604930015B277 /* FirebaseAppCheck in Frameworks */,
				E70B063E2E6604930015B277 /* FirebaseAI in Frameworks */,
				E710E7D12E6B297A006B635C /* Cloudinary in Frameworks */,
				E70B06542E6604930015B277 /* FirebaseFirestore in Frameworks */,
				E70B06622E6604930015B277 /* FirebaseMessaging in Frameworks */,
				E70B065E2E6604930015B277 /* FirebaseInstallations in Frameworks */,
				E70B065A2E6604930015B277 /* FirebaseFunctionsCombine-Community in Frameworks */,
				E70B064A2E6604930015B277 /* FirebaseAuth in Frameworks */,
				E70B06482E6604930015B277 /* FirebaseAppDistribution-Beta in Frameworks */,
				E70B065C2E6604930015B277 /* FirebaseInAppMessaging-Beta in Frameworks */,
				E70B06502E6604930015B277 /* FirebaseCrashlytics in Frameworks */,
				E70B06522E6604930015B277 /* FirebaseDatabase in Frameworks */,
				E70B06602E6604930015B277 /* FirebaseMLModelDownloader in Frameworks */,
				E70B06682E6604930015B277 /* FirebaseStorage in Frameworks */,
				E70B06772E6604F90015B277 /* GoogleSignInSwift in Frameworks */,
				E70B064E2E6604930015B277 /* FirebaseCore in Frameworks */,
				E70B06702E6604EC0015B277 /* GooglePlaces in Frameworks */,
				E70B064C2E6604930015B277 /* FirebaseAuthCombine-Community in Frameworks */,
				E70B06752E6604F90015B277 /* GoogleSignIn in Frameworks */,
				41345B294F6647CCA8AD06F3 /* Sentry in Frameworks */,
			);
			runOnlyForDeploymentPostprocessing = 0;
		};
/* End PBXFrameworksBuildPhase section */

/* Begin PBXGroup section */
		E70B05572E65FE4A0015B277 = {
			isa = PBXGroup;
			children = (
				E70B05622E65FE4A0015B277 /* EkVastuAppIos */,
				E70B05612E65FE4A0015B277 /* Products */,
			);
			sourceTree = "<group>";
		};
		E70B05612E65FE4A0015B277 /* Products */ = {
			isa = PBXGroup;
			children = (
				E70B05602E65FE4A0015B277 /* EkVastuAppIos.app */,
			);
			name = Products;
			sourceTree = "<group>";
		};
/* End PBXGroup section */

/* Begin PBXNativeTarget section */
		E70B055F2E65FE4A0015B277 /* EkVastuAppIos */ = {
			isa = PBXNativeTarget;
			buildConfigurationList = E70B056C2E65FE4C0015B277 /* Build configuration list for PBXNativeTarget "EkVastuAppIos" */;
			buildPhases = (
				E70B055C2E65FE4A0015B277 /* Sources */,
				E70B055D2E65FE4A0015B277 /* Frameworks */,
				E70B055E2E65FE4A0015B277 /* Resources */,
				261BCA7A0C1D435485C256F5 /* Upload Debug Symbols to Sentry */,
			);
			buildRules = (
			);
			dependencies = (
			);
			fileSystemSynchronizedGroups = (
				E70B05622E65FE4A0015B277 /* EkVastuAppIos */,
			);
			name = EkVastuAppIos;
			packageProductDependencies = (
				E70B063D2E6604930015B277 /* FirebaseAI */,
				E70B063F2E6604930015B277 /* FirebaseAnalytics */,
				E70B06412E6604930015B277 /* FirebaseAnalyticsCore */,
				E70B06432E6604930015B277 /* FirebaseAnalyticsIdentitySupport */,
				E70B06452E6604930015B277 /* FirebaseAppCheck */,
				E70B06472E6604930015B277 /* FirebaseAppDistribution-Beta */,
				E70B06492E6604930015B277 /* FirebaseAuth */,
				E70B064B2E6604930015B277 /* FirebaseAuthCombine-Community */,
				E70B064D2E6604930015B277 /* FirebaseCore */,
				E70B064F2E6604930015B277 /* FirebaseCrashlytics */,
				E70B06512E6604930015B277 /* FirebaseDatabase */,
				E70B06532E6604930015B277 /* FirebaseFirestore */,
				E70B06552E6604930015B277 /* FirebaseFirestoreCombine-Community */,
				E70B06572E6604930015B277 /* FirebaseFunctions */,
				E70B06592E6604930015B277 /* FirebaseFunctionsCombine-Community */,
				E70B065B2E6604930015B277 /* FirebaseInAppMessaging-Beta */,
				E70B065D2E6604930015B277 /* FirebaseInstallations */,
				E70B065F2E6604930015B277 /* FirebaseMLModelDownloader */,
				E70B06612E6604930015B277 /* FirebaseMessaging */,
				E70B06632E6604930015B277 /* FirebasePerformance */,
				E70B06652E6604930015B277 /* FirebaseRemoteConfig */,
				E70B06672E6604930015B277 /* FirebaseStorage */,
				E70B06692E6604930015B277 /* FirebaseStorageCombine-Community */,
				E70B066C2E6604E00015B277 /* GoogleMaps */,
				E70B066F2E6604EC0015B277 /* GooglePlaces */,
				E70B06712E6604EC0015B277 /* GooglePlacesSwift */,
				E70B06742E6604F90015B277 /* GoogleSignIn */,
				E70B06762E6604F90015B277 /* GoogleSignInSwift */,
				E710E7D02E6B297A006B635C /* Cloudinary */,
				37D5328CCC2D491DB7A85755 /* Sentry */,
			);
			productName = EkVastuAppIos;
			productReference = E70B05602E65FE4A0015B277 /* EkVastuAppIos.app */;
			productType = "com.apple.product-type.application";
		};
/* End PBXNativeTarget section */

/* Begin PBXProject section */
		E70B05582E65FE4A0015B277 /* Project object */ = {
			isa = PBXProject;
			attributes = {
				BuildIndependentTargetsInParallel = 1;
				LastSwiftUpdateCheck = 1640;
				LastUpgradeCheck = 1640;
				TargetAttributes = {
					E70B055F2E65FE4A0015B277 = {
						CreatedOnToolsVersion = 16.4;
					};
				};
			};
			buildConfigurationList = E70B055B2E65FE4A0015B277 /* Build configuration list for PBXProject "EkVastuAppIos" */;
			developmentRegion = en;
			hasScannedForEncodings = 0;
			knownRegions = (
				en,
				Base,
			);
			mainGroup = E70B05572E65FE4A0015B277;
			minimizedProjectReferenceProxies = 1;
			packageReferences = (
				E70B063C2E6604930015B277 /* XCRemoteSwiftPackageReference "firebase-ios-sdk" */,
				E70B066B2E6604E00015B277 /* XCRemoteSwiftPackageReference "ios-maps-sdk" */,
				E70B066E2E6604EC0015B277 /* XCRemoteSwiftPackageReference "ios-places-sdk" */,
				E70B06732E6604F90015B277 /* XCRemoteSwiftPackageReference "GoogleSignIn-iOS" */,
				E710E7CF2E6B297A006B635C /* XCRemoteSwiftPackageReference "cloudinary_ios" */,
				42A82F819A6447E09DB96BFF /* XCRemoteSwiftPackageReference "sentry-cocoa" */,
			);
			preferredProjectObjectVersion = 77;
			productRefGroup = E70B05612E65FE4A0015B277 /* Products */;
			projectDirPath = "";
			projectRoot = "";
			targets = (
				E70B055F2E65FE4A0015B277 /* EkVastuAppIos */,
			);
		};
/* End PBXProject section */

/* Begin PBXResourcesBuildPhase section */
		E70B055E2E65FE4A0015B277 /* Resources */ = {
			isa = PBXResourcesBuildPhase;
			buildActionMask = 2147483647;
			files = (
			);
			runOnlyForDeploymentPostprocessing = 0;
		};
/* End PBXResourcesBuildPhase section */

/* Begin PBXShellScriptBuildPhase section */
		261BCA7A0C1D435485C256F5 /* Upload Debug Symbols to Sentry */ = {
			isa = PBXShellScriptBuildPhase;
			buildActionMask = 2147483647;
			files = (
			);
			inputPaths = (
				"${DWARF_DSYM_FOLDER_PATH}/${DWARF_DSYM_FILE_NAME}/Contents/Resources/DWARF/${TARGET_NAME}",
			);
			name = "Upload Debug Symbols to Sentry";
			outputPaths = (
			);
			runOnlyForDeploymentPostprocessing = 0;
			shellPath = /bin/sh;
			shellScript = "# This script is responsible for uploading debug symbols and source context for Sentry.\nif which sentry-cli >/dev/null; then\n  export SENTRY_ORG=wajooba\n  export SENTRY_PROJECT=ekvastu\n  ERROR=$(sentry-cli debug-files upload --include-sources \"$DWARF_DSYM_FOLDER_PATH\" 2>&1 >/dev/null)\n  if [ ! $? -eq 0 ]; then\n    echo \"warning: sentry-cli - $ERROR\"\n  fi\nelse\n  echo \"warning: sentry-cli not installed, download from https://github.com/getsentry/sentry-cli/releases\"\nfi\n";
		};
/* End PBXShellScriptBuildPhase section */

/* Begin PBXSourcesBuildPhase section */
		E70B055C2E65FE4A0015B277 /* Sources */ = {
			isa = PBXSourcesBuildPhase;
			buildActionMask = 2147483647;
			files = (
			);
			runOnlyForDeploymentPostprocessing = 0;
		};
/* End PBXSourcesBuildPhase section */

/* Begin XCBuildConfiguration section */
		E70B056A2E65FE4C0015B277 /* Debug */ = {
			isa = XCBuildConfiguration;
			buildSettings = {
				ALWAYS_SEARCH_USER_PATHS = NO;
				ASSETCATALOG_COMPILER_GENERATE_SWIFT_ASSET_SYMBOL_EXTENSIONS = YES;
				CLANG_ANALYZER_NONNULL = YES;
				CLANG_ANALYZER_NUMBER_OBJECT_CONVERSION = YES_AGGRESSIVE;
				CLANG_CXX_LANGUAGE_STANDARD = "gnu++20";
				CLANG_ENABLE_MODULES = YES;
				CLANG_ENABLE_OBJC_ARC = YES;
				CLANG_ENABLE_OBJC_WEAK = YES;
				CLANG_WARN_BLOCK_CAPTURE_AUTORELEASING = YES;
				CLANG_WARN_BOOL_CONVERSION = YES;
				CLANG_WARN_COMMA = YES;
				CLANG_WARN_CONSTANT_CONVERSION = YES;
				CLANG_WARN_DEPRECATED_OBJC_IMPLEMENTATIONS = YES;
				CLANG_WARN_DIRECT_OBJC_ISA_USAGE = YES_ERROR;
				CLANG_WARN_DOCUMENTATION_COMMENTS = YES;
				CLANG_WARN_EMPTY_BODY = YES;
				CLANG_WARN_ENUM_CONVERSION = YES;
				CLANG_WARN_INFINITE_RECURSION = YES;
				CLANG_WARN_INT_CONVERSION = YES;
				CLANG_WARN_NON_LITERAL_NULL_CONVERSION = YES;
				CLANG_WARN_OBJC_IMPLICIT_RETAIN_SELF = YES;
				CLANG_WARN_OBJC_LITERAL_CONVERSION = YES;
				CLANG_WARN_OBJC_ROOT_CLASS = YES_ERROR;
				CLANG_WARN_QUOTED_INCLUDE_IN_FRAMEWORK_HEADER = YES;
				CLANG_WARN_RANGE_LOOP_ANALYSIS = YES;
				CLANG_WARN_STRICT_PROTOTYPES = YES;
				CLANG_WARN_SUSPICIOUS_MOVE = YES;
				CLANG_WARN_UNGUARDED_AVAILABILITY = YES_AGGRESSIVE;
				CLANG_WARN_UNREACHABLE_CODE = YES;
				CLANG_WARN__DUPLICATE_METHOD_MATCH = YES;
				COPY_PHASE_STRIP = NO;
				DEBUG_INFORMATION_FORMAT = dwarf;
				DEVELOPMENT_TEAM = FJWFFT85KA;
				ENABLE_STRICT_OBJC_MSGSEND = YES;
				ENABLE_TESTABILITY = YES;
				ENABLE_USER_SCRIPT_SANDBOXING = YES;
				GCC_C_LANGUAGE_STANDARD = gnu17;
				GCC_DYNAMIC_NO_PIC = NO;
				GCC_NO_COMMON_BLOCKS = YES;
				GCC_OPTIMIZATION_LEVEL = 0;
				GCC_PREPROCESSOR_DEFINITIONS = (
					"DEBUG=1",
					"$(inherited)",
				);
				GCC_WARN_64_TO_32_BIT_CONVERSION = YES;
				GCC_WARN_ABOUT_RETURN_TYPE = YES_ERROR;
				GCC_WARN_UNDECLARED_SELECTOR = YES;
				GCC_WARN_UNINITIALIZED_AUTOS = YES_AGGRESSIVE;
				GCC_WARN_UNUSED_FUNCTION = YES;
				GCC_WARN_UNUSED_VARIABLE = YES;
				LOCALIZATION_PREFERS_STRING_CATALOGS = YES;
				MTL_ENABLE_DEBUG_INFO = INCLUDE_SOURCE;
				MTL_FAST_MATH = YES;
				ONLY_ACTIVE_ARCH = YES;
				SWIFT_ACTIVE_COMPILATION_CONDITIONS = "DEBUG $(inherited)";
				SWIFT_OPTIMIZATION_LEVEL = "-Onone";
			};
			name = Debug;
		};
		E70B056B2E65FE4C0015B277 /* Release */ = {
			isa = XCBuildConfiguration;
			buildSettings = {
				ALWAYS_SEARCH_USER_PATHS = NO;
				ASSETCATALOG_COMPILER_GENERATE_SWIFT_ASSET_SYMBOL_EXTENSIONS = YES;
				CLANG_ANALYZER_NONNULL = YES;
				CLANG_ANALYZER_NUMBER_OBJECT_CONVERSION = YES_AGGRESSIVE;
				CLANG_CXX_LANGUAGE_STANDARD = "gnu++20";
				CLANG_ENABLE_MODULES = YES;
				CLANG_ENABLE_OBJC_ARC = YES;
				CLANG_ENABLE_OBJC_WEAK = YES;
				CLANG_WARN_BLOCK_CAPTURE_AUTORELEASING = YES;
				CLANG_WARN_BOOL_CONVERSION = YES;
				CLANG_WARN_COMMA = YES;
				CLANG_WARN_CONSTANT_CONVERSION = YES;
				CLANG_WARN_DEPRECATED_OBJC_IMPLEMENTATIONS = YES;
				CLANG_WARN_DIRECT_OBJC_ISA_USAGE = YES_ERROR;
				CLANG_WARN_DOCUMENTATION_COMMENTS = YES;
				CLANG_WARN_EMPTY_BODY = YES;
				CLANG_WARN_ENUM_CONVERSION = YES;
				CLANG_WARN_INFINITE_RECURSION = YES;
				CLANG_WARN_INT_CONVERSION = YES;
				CLANG_WARN_NON_LITERAL_NULL_CONVERSION = YES;
				CLANG_WARN_OBJC_IMPLICIT_RETAIN_SELF = YES;
				CLANG_WARN_OBJC_LITERAL_CONVERSION = YES;
				CLANG_WARN_OBJC_ROOT_CLASS = YES_ERROR;
				CLANG_WARN_QUOTED_INCLUDE_IN_FRAMEWORK_HEADER = YES;
				CLANG_WARN_RANGE_LOOP_ANALYSIS = YES;
				CLANG_WARN_STRICT_PROTOTYPES = YES;
				CLANG_WARN_SUSPICIOUS_MOVE = YES;
				CLANG_WARN_UNGUARDED_AVAILABILITY = YES_AGGRESSIVE;
				CLANG_WARN_UNREACHABLE_CODE = YES;
				CLANG_WARN__DUPLICATE_METHOD_MATCH = YES;
				COPY_PHASE_STRIP = NO;
				DEBUG_INFORMATION_FORMAT = "dwarf-with-dsym";
				DEVELOPMENT_TEAM = FJWFFT85KA;
				ENABLE_NS_ASSERTIONS = NO;
				ENABLE_STRICT_OBJC_MSGSEND = YES;
				ENABLE_USER_SCRIPT_SANDBOXING = YES;
				GCC_C_LANGUAGE_STANDARD = gnu17;
				GCC_NO_COMMON_BLOCKS = YES;
				GCC_WARN_64_TO_32_BIT_CONVERSION = YES;
				GCC_WARN_ABOUT_RETURN_TYPE = YES_ERROR;
				GCC_WARN_UNDECLARED_SELECTOR = YES;
				GCC_WARN_UNINITIALIZED_AUTOS = YES_AGGRESSIVE;
				GCC_WARN_UNUSED_FUNCTION = YES;
				GCC_WARN_UNUSED_VARIABLE = YES;
				LOCALIZATION_PREFERS_STRING_CATALOGS = YES;
				MTL_ENABLE_DEBUG_INFO = NO;
				MTL_FAST_MATH = YES;
				SWIFT_COMPILATION_MODE = wholemodule;
			};
			name = Release;
		};
		E70B056D2E65FE4C0015B277 /* Debug */ = {
			isa = XCBuildConfiguration;
			buildSettings = {
				ASSETCATALOG_COMPILER_APPICON_NAME = AppIcon;
				ASSETCATALOG_COMPILER_GLOBAL_ACCENT_COLOR_NAME = AccentColor;
				CODE_SIGN_ENTITLEMENTS = EkVastuAppIos/EkVastuAppIos.entitlements;
				CODE_SIGN_IDENTITY = "Apple Development";
				CODE_SIGN_STYLE = Automatic;
				CURRENT_PROJECT_VERSION = 1;
				DEBUG_INFORMATION_FORMAT = "dwarf-with-dsym";
				DEVELOPMENT_TEAM = FJWFFT85KA;
				ENABLE_HARDENED_RUNTIME = YES;
				ENABLE_PREVIEWS = YES;
				ENABLE_USER_SCRIPT_SANDBOXING = NO;
				GENERATE_INFOPLIST_FILE = NO;
				INFOPLIST_FILE = EkVastuAppIos/Info.plist;
				"INFOPLIST_KEY_UIApplicationSceneManifest_Generation[sdk=iphoneos*]" = YES;
				"INFOPLIST_KEY_UIApplicationSceneManifest_Generation[sdk=iphonesimulator*]" = YES;
				"INFOPLIST_KEY_UIApplicationSupportsIndirectInputEvents[sdk=iphoneos*]" = YES;
				"INFOPLIST_KEY_UIApplicationSupportsIndirectInputEvents[sdk=iphonesimulator*]" = YES;
				"INFOPLIST_KEY_UILaunchScreen_Generation[sdk=iphoneos*]" = YES;
				"INFOPLIST_KEY_UILaunchScreen_Generation[sdk=iphonesimulator*]" = YES;
				"INFOPLIST_KEY_UIStatusBarStyle[sdk=iphoneos*]" = UIStatusBarStyleDefault;
				"INFOPLIST_KEY_UIStatusBarStyle[sdk=iphonesimulator*]" = UIStatusBarStyleDefault;
				INFOPLIST_KEY_UISupportedInterfaceOrientations_iPad = "UIInterfaceOrientationPortrait UIInterfaceOrientationPortraitUpsideDown UIInterfaceOrientationLandscapeLeft UIInterfaceOrientationLandscapeRight";
				INFOPLIST_KEY_UISupportedInterfaceOrientations_iPhone = "UIInterfaceOrientationPortrait UIInterfaceOrientationLandscapeLeft UIInterfaceOrientationLandscapeRight";
				IPHONEOS_DEPLOYMENT_TARGET = 18.5;
				LD_RUNPATH_SEARCH_PATHS = "@executable_path/Frameworks";
				"LD_RUNPATH_SEARCH_PATHS[sdk=macosx*]" = "@executable_path/../Frameworks";
				MACOSX_DEPLOYMENT_TARGET = 15.5;
				MARKETING_VERSION = 1.0;
				PRODUCT_BUNDLE_IDENTIFIER = org.ekshakti.EkVastu;
				PRODUCT_NAME = "$(TARGET_NAME)";
				PROVISIONING_PROFILE_SPECIFIER = "";
				REGISTER_APP_GROUPS = YES;
				SDKROOT = auto;
				SUPPORTED_PLATFORMS = "iphoneos iphonesimulator macosx xros xrsimulator";
				SWIFT_EMIT_LOC_STRINGS = YES;
				SWIFT_VERSION = 5.0;
				TARGETED_DEVICE_FAMILY = "1,2,7";
				XROS_DEPLOYMENT_TARGET = 2.5;
			};
			name = Debug;
		};
		E70B056E2E65FE4C0015B277 /* Release */ = {
			isa = XCBuildConfiguration;
			buildSettings = {
				ASSETCATALOG_COMPILER_APPICON_NAME = AppIcon;
				ASSETCATALOG_COMPILER_GLOBAL_ACCENT_COLOR_NAME = AccentColor;
				CODE_SIGN_ENTITLEMENTS = EkVastuAppIos/EkVastuAppIos.entitlements;
				CODE_SIGN_IDENTITY = "Apple Development";
				CODE_SIGN_STYLE = Automatic;
				CURRENT_PROJECT_VERSION = 1;
				DEBUG_INFORMATION_FORMAT = "dwarf-with-dsym";
				DEVELOPMENT_TEAM = FJWFFT85KA;
				ENABLE_HARDENED_RUNTIME = YES;
				ENABLE_PREVIEWS = YES;
				ENABLE_USER_SCRIPT_SANDBOXING = NO;
				GENERATE_INFOPLIST_FILE = NO;
				INFOPLIST_FILE = EkVastuAppIos/Info.plist;
				"INFOPLIST_KEY_UIApplicationSceneManifest_Generation[sdk=iphoneos*]" = YES;
				"INFOPLIST_KEY_UIApplicationSceneManifest_Generation[sdk=iphonesimulator*]" = YES;
				"INFOPLIST_KEY_UIApplicationSupportsIndirectInputEvents[sdk=iphoneos*]" = YES;
				"INFOPLIST_KEY_UIApplicationSupportsIndirectInputEvents[sdk=iphonesimulator*]" = YES;
				"INFOPLIST_KEY_UILaunchScreen_Generation[sdk=iphoneos*]" = YES;
				"INFOPLIST_KEY_UILaunchScreen_Generation[sdk=iphonesimulator*]" = YES;
				"INFOPLIST_KEY_UIStatusBarStyle[sdk=iphoneos*]" = UIStatusBarStyleDefault;
				"INFOPLIST_KEY_UIStatusBarStyle[sdk=iphonesimulator*]" = UIStatusBarStyleDefault;
				INFOPLIST_KEY_UISupportedInterfaceOrientations_iPad = "UIInterfaceOrientationPortrait UIInterfaceOrientationPortraitUpsideDown UIInterfaceOrientationLandscapeLeft UIInterfaceOrientationLandscapeRight";
				INFOPLIST_KEY_UISupportedInterfaceOrientations_iPhone = "UIInterfaceOrientationPortrait UIInterfaceOrientationLandscapeLeft UIInterfaceOrientationLandscapeRight";
				IPHONEOS_DEPLOYMENT_TARGET = 18.5;
				LD_RUNPATH_SEARCH_PATHS = "@executable_path/Frameworks";
				"LD_RUNPATH_SEARCH_PATHS[sdk=macosx*]" = "@executable_path/../Frameworks";
				MACOSX_DEPLOYMENT_TARGET = 15.5;
				MARKETING_VERSION = 1.0;
				PRODUCT_BUNDLE_IDENTIFIER = org.ekshakti.EkVastu;
				PRODUCT_NAME = "$(TARGET_NAME)";
				PROVISIONING_PROFILE_SPECIFIER = "";
				REGISTER_APP_GROUPS = YES;
				SDKROOT = auto;
				SUPPORTED_PLATFORMS = "iphoneos iphonesimulator macosx xros xrsimulator";
				SWIFT_EMIT_LOC_STRINGS = YES;
				SWIFT_VERSION = 5.0;
				TARGETED_DEVICE_FAMILY = "1,2,7";
				XROS_DEPLOYMENT_TARGET = 2.5;
			};
			name = Release;
		};
/* End XCBuildConfiguration section */

/* Begin XCConfigurationList section */
		E70B055B2E65FE4A0015B277 /* Build configuration list for PBXProject "EkVastuAppIos" */ = {
			isa = XCConfigurationList;
			buildConfigurations = (
				E70B056A2E65FE4C0015B277 /* Debug */,
				E70B056B2E65FE4C0015B277 /* Release */,
			);
			defaultConfigurationIsVisible = 0;
			defaultConfigurationName = Release;
		};
		E70B056C2E65FE4C0015B277 /* Build configuration list for PBXNativeTarget "EkVastuAppIos" */ = {
			isa = XCConfigurationList;
			buildConfigurations = (
				E70B056D2E65FE4C0015B277 /* Debug */,
				E70B056E2E65FE4C0015B277 /* Release */,
			);
			defaultConfigurationIsVisible = 0;
			defaultConfigurationName = Release;
		};
/* End XCConfigurationList section */

/* Begin XCRemoteSwiftPackageReference section */
		42A82F819A6447E09DB96BFF /* XCRemoteSwiftPackageReference "sentry-cocoa" */ = {
			isa = XCRemoteSwiftPackageReference;
			repositoryURL = "https://github.com/getsentry/sentry-cocoa/";
			requirement = {
				kind = upToNextMajorVersion;
				minimumVersion = 8.0.0;
			};
		};
		E70B063C2E6604930015B277 /* XCRemoteSwiftPackageReference "firebase-ios-sdk" */ = {
			isa = XCRemoteSwiftPackageReference;
			repositoryURL = "https://github.com/firebase/firebase-ios-sdk";
			requirement = {
				kind = upToNextMajorVersion;
				minimumVersion = 12.2.0;
			};
		};
		E70B066B2E6604E00015B277 /* XCRemoteSwiftPackageReference "ios-maps-sdk" */ = {
			isa = XCRemoteSwiftPackageReference;
			repositoryURL = "https://github.com/googlemaps/ios-maps-sdk";
			requirement = {
				kind = upToNextMajorVersion;
				minimumVersion = 10.2.0;
			};
		};
		E70B066E2E6604EC0015B277 /* XCRemoteSwiftPackageReference "ios-places-sdk" */ = {
			isa = XCRemoteSwiftPackageReference;
			repositoryURL = "https://github.com/googlemaps/ios-places-sdk";
			requirement = {
				kind = upToNextMajorVersion;
				minimumVersion = 10.1.0;
			};
		};
		E70B06732E6604F90015B277 /* XCRemoteSwiftPackageReference "GoogleSignIn-iOS" */ = {
			isa = XCRemoteSwiftPackageReference;
			repositoryURL = "https://github.com/google/GoogleSignIn-iOS";
			requirement = {
				kind = upToNextMajorVersion;
				minimumVersion = 9.0.0;
			};
		};
		E710E7CF2E6B297A006B635C /* XCRemoteSwiftPackageReference "cloudinary_ios" */ = {
			isa = XCRemoteSwiftPackageReference;
			repositoryURL = "https://github.com/cloudinary/cloudinary_ios.git";
			requirement = {
				kind = upToNextMajorVersion;
				minimumVersion = 5.2.3;
			};
		};
/* End XCRemoteSwiftPackageReference section */

/* Begin XCSwiftPackageProductDependency section */
		37D5328CCC2D491DB7A85755 /* Sentry */ = {
			isa = XCSwiftPackageProductDependency;
			package = 42A82F819A6447E09DB96BFF /* XCRemoteSwiftPackageReference "sentry-cocoa" */;
			productName = Sentry;
		};
		E70B063D2E6604930015B277 /* FirebaseAI */ = {
			isa = XCSwiftPackageProductDependency;
			package = E70B063C2E6604930015B277 /* XCRemoteSwiftPackageReference "firebase-ios-sdk" */;
			productName = FirebaseAI;
		};
		E70B063F2E6604930015B277 /* FirebaseAnalytics */ = {
			isa = XCSwiftPackageProductDependency;
			package = E70B063C2E6604930015B277 /* XCRemoteSwiftPackageReference "firebase-ios-sdk" */;
			productName = FirebaseAnalytics;
		};
		E70B06412E6604930015B277 /* FirebaseAnalyticsCore */ = {
			isa = XCSwiftPackageProductDependency;
			package = E70B063C2E6604930015B277 /* XCRemoteSwiftPackageReference "firebase-ios-sdk" */;
			productName = FirebaseAnalyticsCore;
		};
		E70B06432E6604930015B277 /* FirebaseAnalyticsIdentitySupport */ = {
			isa = XCSwiftPackageProductDependency;
			package = E70B063C2E6604930015B277 /* XCRemoteSwiftPackageReference "firebase-ios-sdk" */;
			productName = FirebaseAnalyticsIdentitySupport;
		};
		E70B06452E6604930015B277 /* FirebaseAppCheck */ = {
			isa = XCSwiftPackageProductDependency;
			package = E70B063C2E6604930015B277 /* XCRemoteSwiftPackageReference "firebase-ios-sdk" */;
			productName = FirebaseAppCheck;
		};
		E70B06472E6604930015B277 /* FirebaseAppDistribution-Beta */ = {
			isa = XCSwiftPackageProductDependency;
			package = E70B063C2E6604930015B277 /* XCRemoteSwiftPackageReference "firebase-ios-sdk" */;
			productName = "FirebaseAppDistribution-Beta";
		};
		E70B06492E6604930015B277 /* FirebaseAuth */ = {
			isa = XCSwiftPackageProductDependency;
			package = E70B063C2E6604930015B277 /* XCRemoteSwiftPackageReference "firebase-ios-sdk" */;
			productName = FirebaseAuth;
		};
		E70B064B2E6604930015B277 /* FirebaseAuthCombine-Community */ = {
			isa = XCSwiftPackageProductDependency;
			package = E70B063C2E6604930015B277 /* XCRemoteSwiftPackageReference "firebase-ios-sdk" */;
			productName = "FirebaseAuthCombine-Community";
		};
		E70B064D2E6604930015B277 /* FirebaseCore */ = {
			isa = XCSwiftPackageProductDependency;
			package = E70B063C2E6604930015B277 /* XCRemoteSwiftPackageReference "firebase-ios-sdk" */;
			productName = FirebaseCore;
		};
		E70B064F2E6604930015B277 /* FirebaseCrashlytics */ = {
			isa = XCSwiftPackageProductDependency;
			package = E70B063C2E6604930015B277 /* XCRemoteSwiftPackageReference "firebase-ios-sdk" */;
			productName = FirebaseCrashlytics;
		};
		E70B06512E6604930015B277 /* FirebaseDatabase */ = {
			isa = XCSwiftPackageProductDependency;
			package = E70B063C2E6604930015B277 /* XCRemoteSwiftPackageReference "firebase-ios-sdk" */;
			productName = FirebaseDatabase;
		};
		E70B06532E6604930015B277 /* FirebaseFirestore */ = {
			isa = XCSwiftPackageProductDependency;
			package = E70B063C2E6604930015B277 /* XCRemoteSwiftPackageReference "firebase-ios-sdk" */;
			productName = FirebaseFirestore;
		};
		E70B06552E6604930015B277 /* FirebaseFirestoreCombine-Community */ = {
			isa = XCSwiftPackageProductDependency;
			package = E70B063C2E6604930015B277 /* XCRemoteSwiftPackageReference "firebase-ios-sdk" */;
			productName = "FirebaseFirestoreCombine-Community";
		};
		E70B06572E6604930015B277 /* FirebaseFunctions */ = {
			isa = XCSwiftPackageProductDependency;
			package = E70B063C2E6604930015B277 /* XCRemoteSwiftPackageReference "firebase-ios-sdk" */;
			productName = FirebaseFunctions;
		};
		E70B06592E6604930015B277 /* FirebaseFunctionsCombine-Community */ = {
			isa = XCSwiftPackageProductDependency;
			package = E70B063C2E6604930015B277 /* XCRemoteSwiftPackageReference "firebase-ios-sdk" */;
			productName = "FirebaseFunctionsCombine-Community";
		};
		E70B065B2E6604930015B277 /* FirebaseInAppMessaging-Beta */ = {
			isa = XCSwiftPackageProductDependency;
			package = E70B063C2E6604930015B277 /* XCRemoteSwiftPackageReference "firebase-ios-sdk" */;
			productName = "FirebaseInAppMessaging-Beta";
		};
		E70B065D2E6604930015B277 /* FirebaseInstallations */ = {
			isa = XCSwiftPackageProductDependency;
			package = E70B063C2E6604930015B277 /* XCRemoteSwiftPackageReference "firebase-ios-sdk" */;
			productName = FirebaseInstallations;
		};
		E70B065F2E6604930015B277 /* FirebaseMLModelDownloader */ = {
			isa = XCSwiftPackageProductDependency;
			package = E70B063C2E6604930015B277 /* XCRemoteSwiftPackageReference "firebase-ios-sdk" */;
			productName = FirebaseMLModelDownloader;
		};
		E70B06612E6604930015B277 /* FirebaseMessaging */ = {
			isa = XCSwiftPackageProductDependency;
			package = E70B063C2E6604930015B277 /* XCRemoteSwiftPackageReference "firebase-ios-sdk" */;
			productName = FirebaseMessaging;
		};
		E70B06632E6604930015B277 /* FirebasePerformance */ = {
			isa = XCSwiftPackageProductDependency;
			package = E70B063C2E6604930015B277 /* XCRemoteSwiftPackageReference "firebase-ios-sdk" */;
			productName = FirebasePerformance;
		};
		E70B06652E6604930015B277 /* FirebaseRemoteConfig */ = {
			isa = XCSwiftPackageProductDependency;
			package = E70B063C2E6604930015B277 /* XCRemoteSwiftPackageReference "firebase-ios-sdk" */;
			productName = FirebaseRemoteConfig;
		};
		E70B06672E6604930015B277 /* FirebaseStorage */ = {
			isa = XCSwiftPackageProductDependency;
			package = E70B063C2E6604930015B277 /* XCRemoteSwiftPackageReference "firebase-ios-sdk" */;
			productName = FirebaseStorage;
		};
		E70B06692E6604930015B277 /* FirebaseStorageCombine-Community */ = {
			isa = XCSwiftPackageProductDependency;
			package = E70B063C2E6604930015B277 /* XCRemoteSwiftPackageReference "firebase-ios-sdk" */;
			productName = "FirebaseStorageCombine-Community";
		};
		E70B066C2E6604E00015B277 /* GoogleMaps */ = {
			isa = XCSwiftPackageProductDependency;
			package = E70B066B2E6604E00015B277 /* XCRemoteSwiftPackageReference "ios-maps-sdk" */;
			productName = GoogleMaps;
		};
		E70B066F2E6604EC0015B277 /* GooglePlaces */ = {
			isa = XCSwiftPackageProductDependency;
			package = E70B066E2E6604EC0015B277 /* XCRemoteSwiftPackageReference "ios-places-sdk" */;
			productName = GooglePlaces;
		};
		E70B06712E6604EC0015B277 /* GooglePlacesSwift */ = {
			isa = XCSwiftPackageProductDependency;
			package = E70B066E2E6604EC0015B277 /* XCRemoteSwiftPackageReference "ios-places-sdk" */;
			productName = GooglePlacesSwift;
		};
		E70B06742E6604F90015B277 /* GoogleSignIn */ = {
			isa = XCSwiftPackageProductDependency;
			package = E70B06732E6604F90015B277 /* XCRemoteSwiftPackageReference "GoogleSignIn-iOS" */;
			productName = GoogleSignIn;
		};
		E70B06762E6604F90015B277 /* GoogleSignInSwift */ = {
			isa = XCSwiftPackageProductDependency;
			package = E70B06732E6604F90015B277 /* XCRemoteSwiftPackageReference "GoogleSignIn-iOS" */;
			productName = GoogleSignInSwift;
		};
		E710E7D02E6B297A006B635C /* Cloudinary */ = {
			isa = XCSwiftPackageProductDependency;
			package = E710E7CF2E6B297A006B635C /* XCRemoteSwiftPackageReference "cloudinary_ios" */;
			productName = Cloudinary;
		};
/* End XCSwiftPackageProductDependency section */
	};
	rootObject = E70B05582E65FE4A0015B277 /* Project object */;
}
